
Microsoft Visual Studio Solution File, Format Version 12.00
# Visual Studio 14
VisualStudioVersion = 14.0.23107.0
MinimumVisualStudioVersion = 10.0.40219.1
Project("{8BC9CEB8-8B4A-11D0-8D11-00A0C91BC942}") = "liblouis", "liblouis.vcxproj", "{D0CEE9E9-B5BF-48B4-A50A-846EA38AB44B}"
EndProject
Project("{8BC9CEB8-8B4A-11D0-8D11-00A0C91BC942}") = "lou_checkTable", "..\lou_checkTable\lou_checkTable.vcxproj", "{64B4C7B6-78E8-4FF3-979B-D8F03874F485}"
EndProject
Project("{8BC9CEB8-8B4A-11D0-8D11-00A0C91BC942}") = "lou_Debug", "..\lou_Debug\lou_Debug.vcxproj", "{038E4AFA-944A-474B-951A-4294BFB08D6D}"
EndProject
Project("{8BC9CEB8-8B4A-11D0-8D11-00A0C91BC942}") = "lou_allRound", "..\lou_allRound\lou_allRound.vcxproj", "{F7389A2F-3F4D-4C59-9783-A10ADD442B29}"
EndProject
Project("{8BC9CEB8-8B4A-11D0-8D11-00A0C91BC942}") = "lou_checkHyphens", "..\lou_checkHyphens\lou_checkHyphens.vcxproj", "{5FFBABD7-9A11-45DB-AC47-B3658340B700}"
EndProject
Project("{8BC9CEB8-8B4A-11D0-8D11-00A0C91BC942}") = "lou_trace", "..\lou_trace\lou_trace.vcxproj", "{871861E5-832F-46E4-B1BA-713C04F4899C}"
EndProject
Project("{8BC9CEB8-8B4A-11D0-8D11-00A0C91BC942}") = "lou_translate", "..\lou_translate\lou_translate.vcxproj", "{80BEB12D-027A-4C0D-8DA9-CEF97A3B1542}"
EndProject
Project("{8BC9CEB8-8B4A-11D0-8D11-00A0C91BC942}") = "lou_checkYaml", "..\lou_checkYaml\lou_checkYaml.vcxproj", "{CAF88F6E-79C3-4BFE-A341-2BEBA8986925}"
EndProject
Project("{8BC9CEB8-8B4A-11D0-8D11-00A0C91BC942}") = "lou_compare", "..\lou_compare\lou_compare.vcxproj", "{462B079E-AFBE-4FB3-9317-0C9F2DA5B551}"
EndProject
Global
	GlobalSection(SolutionConfigurationPlatforms) = preSolution
		Debug|x64 = Debug|x64
		Debug|x86 = Debug|x86
		Release|x64 = Release|x64
		Release|x86 = Release|x86
	EndGlobalSection
	GlobalSection(ProjectConfigurationPlatforms) = postSolution
		{D0CEE9E9-B5BF-48B4-A50A-846EA38AB44B}.Debug|x64.ActiveCfg = Debug|x64
		{D0CEE9E9-B5BF-48B4-A50A-846EA38AB44B}.Debug|x64.Build.0 = Debug|x64
		{D0CEE9E9-B5BF-48B4-A50A-846EA38AB44B}.Debug|x86.ActiveCfg = Debug|Win32
		{D0CEE9E9-B5BF-48B4-A50A-846EA38AB44B}.Debug|x86.Build.0 = Debug|Win32
		{D0CEE9E9-B5BF-48B4-A50A-846EA38AB44B}.Release|x64.ActiveCfg = Release|x64
		{D0CEE9E9-B5BF-48B4-A50A-846EA38AB44B}.Release|x64.Build.0 = Release|x64
		{D0CEE9E9-B5BF-48B4-A50A-846EA38AB44B}.Release|x86.ActiveCfg = Release|Win32
		{D0CEE9E9-B5BF-48B4-A50A-846EA38AB44B}.Release|x86.Build.0 = Release|Win32
		{64B4C7B6-78E8-4FF3-979B-D8F03874F485}.Debug|x64.ActiveCfg = Debug|x64
		{64B4C7B6-78E8-4FF3-979B-D8F03874F485}.Debug|x64.Build.0 = Debug|x64
		{64B4C7B6-78E8-4FF3-979B-D8F03874F485}.Debug|x86.ActiveCfg = Debug|Win32
		{64B4C7B6-78E8-4FF3-979B-D8F03874F485}.Debug|x86.Build.0 = Debug|Win32
		{64B4C7B6-78E8-4FF3-979B-D8F03874F485}.Release|x64.ActiveCfg = Release|x64
		{64B4C7B6-78E8-4FF3-979B-D8F03874F485}.Release|x64.Build.0 = Release|x64
		{64B4C7B6-78E8-4FF3-979B-D8F03874F485}.Release|x86.ActiveCfg = Release|Win32
		{64B4C7B6-78E8-4FF3-979B-D8F03874F485}.Release|x86.Build.0 = Release|Win32
		{038E4AFA-944A-474B-951A-4294BFB08D6D}.Debug|x64.ActiveCfg = Debug|x64
		{038E4AFA-944A-474B-951A-4294BFB08D6D}.Debug|x64.Build.0 = Debug|x64
		{038E4AFA-944A-474B-951A-4294BFB08D6D}.Debug|x86.ActiveCfg = Debug|Win32
		{038E4AFA-944A-474B-951A-4294BFB08D6D}.Debug|x86.Build.0 = Debug|Win32
		{038E4AFA-944A-474B-951A-4294BFB08D6D}.Release|x64.ActiveCfg = Release|x64
		{038E4AFA-944A-474B-951A-4294BFB08D6D}.Release|x64.Build.0 = Release|x64
		{038E4AFA-944A-474B-951A-4294BFB08D6D}.Release|x86.ActiveCfg = Release|Win32
		{038E4AFA-944A-474B-951A-4294BFB08D6D}.Release|x86.Build.0 = Release|Win32
		{F7389A2F-3F4D-4C59-9783-A10ADD442B29}.Debug|x64.ActiveCfg = Debug|x64
		{F7389A2F-3F4D-4C59-9783-A10ADD442B29}.Debug|x64.Build.0 = Debug|x64
		{F7389A2F-3F4D-4C59-9783-A10ADD442B29}.Debug|x86.ActiveCfg = Debug|Win32
		{F7389A2F-3F4D-4C59-9783-A10ADD442B29}.Debug|x86.Build.0 = Debug|Win32
		{F7389A2F-3F4D-4C59-9783-A10ADD442B29}.Release|x64.ActiveCfg = Release|x64
		{F7389A2F-3F4D-4C59-9783-A10ADD442B29}.Release|x64.Build.0 = Release|x64
		{F7389A2F-3F4D-4C59-9783-A10ADD442B29}.Release|x86.ActiveCfg = Release|Win32
		{F7389A2F-3F4D-4C59-9783-A10ADD442B29}.Release|x86.Build.0 = Release|Win32
		{5FFBABD7-9A11-45DB-AC47-B3658340B700}.Debug|x64.ActiveCfg = Debug|x64
		{5FFBABD7-9A11-45DB-AC47-B3658340B700}.Debug|x64.Build.0 = Debug|x64
		{5FFBABD7-9A11-45DB-AC47-B3658340B700}.Debug|x86.ActiveCfg = Debug|Win32
		{5FFBABD7-9A11-45DB-AC47-B3658340B700}.Debug|x86.Build.0 = Debug|Win32
		{5FFBABD7-9A11-45DB-AC47-B3658340B700}.Release|x64.ActiveCfg = Release|x64
		{5FFBABD7-9A11-45DB-AC47-B3658340B700}.Release|x64.Build.0 = Release|x64
		{5FFBABD7-9A11-45DB-AC47-B3658340B700}.Release|x86.ActiveCfg = Release|Win32
		{5FFBABD7-9A11-45DB-AC47-B3658340B700}.Release|x86.Build.0 = Release|Win32
		{871861E5-832F-46E4-B1BA-713C04F4899C}.Debug|x64.ActiveCfg = Debug|x64
		{871861E5-832F-46E4-B1BA-713C04F4899C}.Debug|x64.Build.0 = Debug|x64
		{871861E5-832F-46E4-B1BA-713C04F4899C}.Debug|x86.ActiveCfg = Debug|Win32
		{871861E5-832F-46E4-B1BA-713C04F4899C}.Debug|x86.Build.0 = Debug|Win32
		{871861E5-832F-46E4-B1BA-713C04F4899C}.Release|x64.ActiveCfg = Release|x64
		{871861E5-832F-46E4-B1BA-713C04F4899C}.Release|x64.Build.0 = Release|x64
		{871861E5-832F-46E4-B1BA-713C04F4899C}.Release|x86.ActiveCfg = Release|Win32
		{871861E5-832F-46E4-B1BA-713C04F4899C}.Release|x86.Build.0 = Release|Win32
		{80BEB12D-027A-4C0D-8DA9-CEF97A3B1542}.Debug|x64.ActiveCfg = Debug|x64
		{80BEB12D-027A-4C0D-8DA9-CEF97A3B1542}.Debug|x64.Build.0 = Debug|x64
		{80BEB12D-027A-4C0D-8DA9-CEF97A3B1542}.Debug|x86.ActiveCfg = Debug|Win32
		{80BEB12D-027A-4C0D-8DA9-CEF97A3B1542}.Debug|x86.Build.0 = Debug|Win32
		{80BEB12D-027A-4C0D-8DA9-CEF97A3B1542}.Release|x64.ActiveCfg = Release|x64
		{80BEB12D-027A-4C0D-8DA9-CEF97A3B1542}.Release|x64.Build.0 = Release|x64
		{80BEB12D-027A-4C0D-8DA9-CEF97A3B1542}.Release|x86.ActiveCfg = Release|Win32
		{80BEB12D-027A-4C0D-8DA9-CEF97A3B1542}.Release|x86.Build.0 = Release|Win32
		{CAF88F6E-79C3-4BFE-A341-2BEBA8986925}.Debug|x64.ActiveCfg = Debug|x64
		{CAF88F6E-79C3-4BFE-A341-2BEBA8986925}.Debug|x64.Build.0 = Debug|x64
		{CAF88F6E-79C3-4BFE-A341-2BEBA8986925}.Debug|x86.ActiveCfg = Debug|Win32
		{CAF88F6E-79C3-4BFE-A341-2BEBA8986925}.Debug|x86.Build.0 = Debug|Win32
		{CAF88F6E-79C3-4BFE-A341-2BEBA8986925}.Release|x64.ActiveCfg = Release|x64
		{CAF88F6E-79C3-4BFE-A341-2BEBA8986925}.Release|x64.Build.0 = Release|x64
		{CAF88F6E-79C3-4BFE-A341-2BEBA8986925}.Release|x86.ActiveCfg = Release|Win32
		{CAF88F6E-79C3-4BFE-A341-2BEBA8986925}.Release|x86.Build.0 = Release|Win32
		{462B079E-AFBE-4FB3-9317-0C9F2DA5B551}.Debug|x64.ActiveCfg = Debug|x64
		{462B079E-AFBE-4FB3-9317-0C9F2DA5B551}.Debug|x64.Build.0 = Debug|x64
		{462B079E-AFBE-4FB3-9317-0C9F2DA5B551}.Debug|x86.ActiveCfg = Debug|Win32
		{462B079E-AFBE-4FB3-9317-0C9F2DA5B551}.Debug|x86.Build.0 = Debug|Win32
		{462B079E-AFBE-4FB3-9317-0C9F2DA5B551}.Release|x64.ActiveCfg = Release|x64
		{462B079E-AFBE-4FB3-9317-0C9F2DA5B551}.Release|x64.Build.0 = Release|x64
		{462B079E-AFBE-4FB3-9317-0C9F2DA5B551}.Release|x86.ActiveCfg = Release|Win32
		{462B079E-AFBE-4FB3-9317-0C9F2DA5B551}.Release|x86.Build.0 = Release|Win32
	EndGlobalSection
	GlobalSection(SolutionProperties) = preSolution
		HideSolutionNode = FALSE
	EndGlobalSection
EndGlobal
